{
  "version": 4,
  "terraform_version": "1.15.4",
  "serial": 12,
  "lineage": "6629f62f-aa97-da25-1e9e-1b7f535aca15",
  "outputs": {
    "artifact_registry_repository": {
      "value": "us-central1-docker.pkg.dev/project-30b3b95e-ed2b-4573-98a/argus",
      "type": "string"
    },
    "cluster_location": {
      "value": "us-central1",
      "type": "string"
    },
    "cluster_name": {
      "value": "argus-gke",
      "type": "string"
    },
    "get_credentials_command": {
      "value": "gcloud container clusters get-credentials argus-gke --region us-central1 --project project-30b3b95e-ed2b-4573-98a",
      "type": "string"
    },
    "namespace": {
      "value": "argus",
      "type": "string"
    }
  },
  "resources": [
    {
      "mode": "data",
      "type": "google_client_config",
      "name": "default",
      "provider": "provider[\"registry.terraform.io/hashicorp/google\"]",
      "instances": [
        {
          "schema_version": 0,
          "attributes": {
            "access_token": "",
            "default_labels": {},
            "id": "projects/project-30b3b95e-ed2b-4573-98a/regions/us-central1/zones/",
            "project": "project-30b3b95e-ed2b-4573-98a",
            "region": "us-central1",
            "zone": ""
          },
          "sensitive_attributes": [
            [
              {
                "type": "get_attr",
                "value": "access_token"
              }
            ]
          ],
          "identity_schema_version": 0
        }
      ]
    },
    {
      "mode": "managed",
      "type": "google_artifact_registry_repository",
      "name": "argus",
      "provider": "provider[\"registry.terraform.io/hashicorp/google\"]",
      "instances": [
        {
          "schema_version": 0,
          "attributes": {
            "cleanup_policies": [],
            "cleanup_policy_dry_run": false,
            "create_time": "2026-05-26T18:32:12.541766Z",
            "description": "Argus application container images",
            "docker_config": [],
            "effective_labels": {
              "goog-terraform-provisioned": "true"
            },
            "format": "DOCKER",
            "id": "projects/project-30b3b95e-ed2b-4573-98a/locations/us-central1/repositories/argus",
            "kms_key_name": "",
            "labels": {},
            "location": "us-central1",
            "maven_config": [],
            "mode": "STANDARD_REPOSITORY",
            "name": "argus",
            "project": "project-30b3b95e-ed2b-4573-98a",
            "remote_repository_config": [],
            "repository_id": "argus",
            "terraform_labels": {
              "goog-terraform-provisioned": "true"
            },
            "timeouts": null,
            "update_time": "2026-05-26T18:32:12.541766Z",
            "virtual_repository_config": [],
            "vulnerability_scanning_config": [
              {
                "enablement_config": "",
                "enablement_state": "SCANNING_DISABLED",
                "enablement_state_reason": "API containerscanning.googleapis.com is not enabled."
              }
            ]
          },
          "sensitive_attributes": [],
          "identity_schema_version": 0,
          "private": "eyJlMmJmYjczMC1lY2FhLTExZTYtOGY4OC0zNDM2M2JjN2M0YzAiOnsiY3JlYXRlIjoxMjAwMDAwMDAwMDAwLCJkZWxldGUiOjEyMDAwMDAwMDAwMDAsInVwZGF0ZSI6MTIwMDAwMDAwMDAwMH19",
          "dependencies": [
            "google_project_service.artifact_registry"
          ]
        }
      ]
    },
    {
      "mode": "managed",
      "type": "google_container_cluster",
      "name": "argus",
      "provider": "provider[\"registry.terraform.io/hashicorp/google-beta\"]",
      "instances": [
        {
          "schema_version": 2,
          "attributes": {
            "addons_config": [
              {
                "cloudrun_config": [],
                "config_connector_config": [],
                "dns_cache_config": [
                  {
                    "enabled": true
                  }
                ],
                "gce_persistent_disk_csi_driver_config": [
                  {
                    "enabled": true
                  }
                ],
                "gcp_filestore_csi_driver_config": [],
                "gcs_fuse_csi_driver_config": [],
                "gke_backup_agent_config": [],
                "horizontal_pod_autoscaling": [
                  {
                    "disabled": false
                  }
                ],
                "http_load_balancing": [
                  {
                    "disabled": false
                  }
                ],
                "istio_config": [],
                "kalm_config": [],
                "lustre_csi_driver_config": [],
                "network_policy_config": [
                  {
                    "disabled": true
                  }
                ],
                "parallelstore_csi_driver_config": [],
                "ray_operator_config": [],
                "stateful_ha_config": []
              }
            ],
            "allow_net_admin": null,
            "anonymous_authentication_config": [
              {
                "mode": "LIMITED"
              }
            ],
            "authenticator_groups_config": [],
            "binary_authorization": [
              {
                "enabled": false,
                "evaluation_mode": ""
              }
            ],
            "cluster_autoscaling": [
              {
                "auto_provisioning_defaults": [],
                "auto_provisioning_locations": [],
                "autoscaling_profile": "BALANCED",
                "enabled": false,
                "resource_limits": []
              }
            ],
            "cluster_ipv4_cidr": "10.96.0.0/14",
            "cluster_telemetry": [
              {
                "type": "ENABLED"
              }
            ],
            "confidential_nodes": [],
            "control_plane_endpoints_config": [
              {
                "dns_endpoint_config": [
                  {
                    "allow_external_traffic": false,
                    "endpoint": "gke-d13afc19ded7458f8c303f79fa3f6e5ce50a-306820802288.us-central1.gke.goog"
                  }
                ],
                "ip_endpoints_config": [
                  {
                    "enabled": true
                  }
                ]
              }
            ],
            "cost_management_config": [],
            "database_encryption": [
              {
                "key_name": "",
                "state": "DECRYPTED"
              }
            ],
            "datapath_provider": "",
            "default_max_pods_per_node": 110,
            "default_snat_status": [
              {
                "disabled": false
              }
            ],
            "deletion_protection": false,
            "description": "",
            "disable_l4_lb_firewall_reconciliation": false,
            "dns_config": [],
            "effective_labels": {
              "goog-terraform-provisioned": "true"
            },
            "enable_autopilot": false,
            "enable_cilium_clusterwide_network_policy": false,
            "enable_fqdn_network_policy": false,
            "enable_intranode_visibility": false,
            "enable_k8s_beta_apis": [],
            "enable_kubernetes_alpha": false,
            "enable_l4_ilb_subsetting": false,
            "enable_legacy_abac": false,
            "enable_multi_networking": false,
            "enable_shielded_nodes": true,
            "enable_tpu": false,
            "endpoint": "136.111.15.48",
            "enterprise_config": [
              {
                "cluster_tier": "STANDARD",
                "desired_tier": ""
              }
            ],
            "fleet": [],
            "gateway_api_config": [],
            "gke_auto_upgrade_config": [],
            "id": "projects/project-30b3b95e-ed2b-4573-98a/locations/us-central1/clusters/argus-gke",
            "identity_service_config": [],
            "in_transit_encryption_config": "",
            "initial_node_count": 1,
            "ip_allocation_policy": [
              {
                "additional_ip_ranges_config": [],
                "additional_pod_ranges_config": [],
                "cluster_ipv4_cidr_block": "10.96.0.0/14",
                "cluster_secondary_range_name": "gke-argus-gke-pods-d13afc19",
                "pod_cidr_overprovision_config": [
                  {
                    "disabled": false
                  }
                ],
                "services_ipv4_cidr_block": "34.118.224.0/20",
                "services_secondary_range_name": "",
                "stack_type": "IPV4"
              }
            ],
            "label_fingerprint": "78cdf2f6",
            "location": "us-central1",
            "logging_config": [
              {
                "enable_components": [
                  "SYSTEM_COMPONENTS",
                  "WORKLOADS"
                ]
              }
            ],
            "logging_service": "logging.googleapis.com/kubernetes",
            "maintenance_policy": [],
            "master_auth": [
              {
                "client_certificate": "",
                "client_certificate_config": [
                  {
                    "issue_client_certificate": false
                  }
                ],
                "client_key": "",
                "cluster_ca_certificate": "LS0tLS1CRUdJTiBDRVJUSUZJQ0FURS0tLS0tCk1JSUVMVENDQXBXZ0F3SUJBZ0lSQUw0bmwxbnZCeWFueHhxRDVIQm53WTh3RFFZSktvWklodmNOQVFFTEJRQXcKTHpFdE1Dc0dBMVVFQXhNa09XTTFOelkyTVdFdE5tWm1NQzAwWVdaaExXRXpOMkV0TmpsalkyUmhabVZtWkRObQpNQ0FYRFRJMk1EVXlOakUzTkRBME4xb1lEekl3TlRZd05URTRNVGcwTURRM1dqQXZNUzB3S3dZRFZRUURFeVE1Cll6VTNOall4WVMwMlptWXdMVFJoWm1FdFlUTTNZUzAyT1dOalpHRm1aV1prTTJZd2dnR2lNQTBHQ1NxR1NJYjMKRFFFQkFRVUFBNElCandBd2dnR0tBb0lCZ1FDNDRpUHBFSURCdHNRR29XL0QvbGhlZlRSUWFld1pxVGZyN1I0NgpHaUxQa1Y2MC9melhzTFp6UGdRN3NyRW5zZ24wMXNqLzkveHhoOFJ4OVJSSUxDTlEvdlZwTUNYaVd3eVJ2R0xvCkN3L1hKSVZGalg0Wno5bDd4czhseVVSTm0yZnRjNDBHcUhYY3RvWjVjUWk5cC9DYTB1SGZYbzRDcFd1UGNDMUwKSEJ4V3o4VlBoQU9tRFBpcUZiOFVLZkVPR250ditGUld6K1lsUHB4eXQ0TCtTQ0xaM1d3cmoyOVN2dXBjMkdyWApFZVJpZThJZXFsYlQ4cEVLWnNRTlJzTUEycDBUeTRrUEw4LzdDWE40Vyt4azM4R3Y3Sk5WYis4bWpWdExZS3pOCnByK0Vya282RHd5UzZjY1JENmtJanFuZmhUUFk2S3ZOeWZxK0JJVVlmRjdocDVWUXE0L0ZEZXBoV3F6cnhJaUUKMDc4QW1EMGorY2VOU0xmbU5BcUJ1Y1o0dkI1UEJ5aSs3UFNVMHJZVVVONy9OWm5teHdrbDJ1U0Z5KzNLd1FVawo3ZmpoamVNMk82VEkzWEVFTzROZ3pXTlZ6ZzAzeTNyazJJQ1djTXpLODBDL0tGNkVlRlc3K2JJaDVHUUZ0cCtDCmE4eGd4OEdJb2JiQ2YrT1lBdmxoV2NQbm5iVUNBd0VBQWFOQ01FQXdEZ1lEVlIwUEFRSC9CQVFEQWdJRU1BOEcKQTFVZEV3RUIvd1FGTUFNQkFmOHdIUVlEVlIwT0JCWUVGS3l5YnJTUjJVT2xFV2JxdjV6SytzYmI5aDNHTUEwRwpDU3FHU0liM0RRRUJDd1VBQTRJQmdRQnIrSHFYdDl3VSsyRVE4MW1ZdGF0dTJkbjJ2UTBkMGxqRXlXSStXZGpmCndTNnRHR1BDN3pGZjloOTFWdkFjck1vNmh4QVV1ZGJyMkhGVGJ6dWZCY0MrekFBWFhBVjJzaXhiTmtZK0JaR28KUFNTRU5rcFVnZW82eE0zYXNUcmswUHAzNGVGczQ2ckpIREYxTXhyU3RJcTNxYXFST0h1U1dySVRRZWRnYTZIOQptMDFONDV5eDNqNVJmNTdvQ2tRTUZ0a3B2NnF2OFYwMGd6NFBCZlhzdXdQRDdVNnpXdVhDbXFwVm5aQUVPR1pGCmtqMGVjb2tkanp6NVc3MUJRWmNoeVdVRDJ2d3c1ZTk1MGY2ZHJGYUprR3BMb0M3eEtMYTdmN1FsUGlTS2VOdXUKR3dzclhib2dMQnpvK054eDlhUStJNDAvR1JQcncxMEhPN1orQnhNWXNoTXQvV3FsZ1BYT2VDTGg4UDlqZ0kxVgpmcWZ1YjFzVWRhOW1WSi9ER243Z0FKR3hHSGpQRUNremNpTjhXTTg3TWNwc0MwMzF6S0RZWGg0KzlDaWlmWTJ4CkR6RGxxZ1ZucDNnM1liR21qS3pIRWRSUUhyQWJuNTNMY2VIcjJidjdIU2xGWmY3elpORktwcDZsMDlQV1FvRlIKUm9NNjB4dGw5bVFESmlhdmlkbFZsbUE9Ci0tLS0tRU5EIENFUlRJRklDQVRFLS0tLS0K"
              }
            ],
            "master_authorized_networks_config": [],
            "master_version": "1.35.3-gke.1389000",
            "mesh_certificates": [],
            "min_master_version": null,
            "monitoring_config": [
              {
                "advanced_datapath_observability_config": [
                  {
                    "enable_metrics": false,
                    "enable_relay": false
                  }
                ],
                "enable_components": [
                  "SYSTEM_COMPONENTS",
                  "STORAGE",
                  "HPA",
                  "POD",
                  "DAEMONSET",
                  "DEPLOYMENT",
                  "STATEFULSET",
                  "CADVISOR",
                  "KUBELET",
                  "DCGM",
                  "JOBSET"
                ],
                "managed_prometheus": [
                  {
                    "auto_monitoring_config": [],
                    "enabled": true
                  }
                ]
              }
            ],
            "monitoring_service": "monitoring.googleapis.com/kubernetes",
            "name": "argus-gke",
            "network": "projects/project-30b3b95e-ed2b-4573-98a/global/networks/default",
            "network_performance_config": [],
            "network_policy": [
              {
                "enabled": false,
                "provider": "PROVIDER_UNSPECIFIED"
              }
            ],
            "networking_mode": "VPC_NATIVE",
            "node_config": [],
            "node_locations": [
              "us-central1-b",
              "us-central1-c",
              "us-central1-f"
            ],
            "node_pool": [],
            "node_pool_auto_config": [
              {
                "linux_node_config": [],
                "network_tags": [],
                "node_kubelet_config": [
                  {
                    "insecure_kubelet_readonly_port_enabled": "FALSE"
                  }
                ],
                "resource_manager_tags": {}
              }
            ],
            "node_pool_defaults": [
              {
                "node_config_defaults": [
                  {
                    "containerd_config": [],
                    "gcfs_config": [],
                    "insecure_kubelet_readonly_port_enabled": "FALSE",
                    "logging_variant": "DEFAULT"
                  }
                ]
              }
            ],
            "node_version": "1.35.3-gke.1389000",
            "notification_config": [
              {
                "pubsub": [
                  {
                    "enabled": false,
                    "filter": [],
                    "topic": ""
                  }
                ]
              }
            ],
            "operation": null,
            "pod_autoscaling": [
              {
                "hpa_profile": "PERFORMANCE"
              }
            ],
            "pod_security_policy_config": [
              {
                "enabled": false
              }
            ],
            "private_cluster_config": [
              {
                "enable_private_endpoint": false,
                "enable_private_nodes": false,
                "master_global_access_config": [
                  {
                    "enabled": false
                  }
                ],
                "master_ipv4_cidr_block": "",
                "peering_name": "",
                "private_endpoint": "10.128.0.14",
                "private_endpoint_subnetwork": "",
                "public_endpoint": "136.111.15.48"
              }
            ],
            "private_ipv6_google_access": "",
            "project": "project-30b3b95e-ed2b-4573-98a",
            "protect_config": [
              {
                "workload_config": [
                  {
                    "audit_mode": "BASIC"
                  }
                ],
                "workload_vulnerability_mode": "WORKLOAD_VULNERABILITY_MODE_UNSPECIFIED"
              }
            ],
            "rbac_binding_config": [
              {
                "enable_insecure_binding_system_authenticated": true,
                "enable_insecure_binding_system_unauthenticated": true
              }
            ],
            "release_channel": [
              {
                "channel": "REGULAR"
              }
            ],
            "remove_default_node_pool": true,
            "resource_labels": null,
            "resource_usage_export_config": [],
            "secret_manager_config": [
              {
                "enabled": false,
                "rotation_config": []
              }
            ],
            "security_posture_config": [
              {
                "mode": "BASIC",
                "vulnerability_mode": "VULNERABILITY_MODE_UNSPECIFIED"
              }
            ],
            "self_link": "https://container.googleapis.com/v1beta1/projects/project-30b3b95e-ed2b-4573-98a/locations/us-central1/clusters/argus-gke",
            "service_external_ips_config": [
              {
                "enabled": false
              }
            ],
            "services_ipv4_cidr": "34.118.224.0/20",
            "subnetwork": "projects/project-30b3b95e-ed2b-4573-98a/regions/us-central1/subnetworks/default",
            "terraform_labels": {
              "goog-terraform-provisioned": "true"
            },
            "timeouts": null,
            "tpu_config": null,
            "tpu_ipv4_cidr_block": "",
            "user_managed_keys_config": [],
            "vertical_pod_autoscaling": [],
            "workload_alts_config": [],
            "workload_identity_config": [
              {
                "workload_pool": "project-30b3b95e-ed2b-4573-98a.svc.id.goog"
              }
            ]
          },
          "sensitive_attributes": [
            [
              {
                "type": "get_attr",
                "value": "master_auth"
              },
              {
                "type": "index",
                "value": {
                  "value": 0,
                  "type": "number"
                }
              },
              {
                "type": "get_attr",
                "value": "client_key"
              }
            ]
          ],
          "identity_schema_version": 0,
          "private": "eyJlMmJmYjczMC1lY2FhLTExZTYtOGY4OC0zNDM2M2JjN2M0YzAiOnsiY3JlYXRlIjoyNDAwMDAwMDAwMDAwLCJkZWxldGUiOjI0MDAwMDAwMDAwMDAsInJlYWQiOjI0MDAwMDAwMDAwMDAsInVwZGF0ZSI6MzYwMDAwMDAwMDAwMH0sInNjaGVtYV92ZXJzaW9uIjoiMiJ9",
          "dependencies": [
            "google_project_service.container"
          ]
        }
      ]
    },
    {
      "mode": "managed",
      "type": "google_container_node_pool",
      "name": "primary",
      "provider": "provider[\"registry.terraform.io/hashicorp/google-beta\"]",
      "instances": [
        {
          "schema_version": 1,
          "attributes": {
            "autoscaling": [
              {
                "location_policy": "BALANCED",
                "max_node_count": 6,
                "min_node_count": 1,
                "total_max_node_count": 0,
                "total_min_node_count": 0
              }
            ],
            "cluster": "argus-gke",
            "id": "projects/project-30b3b95e-ed2b-4573-98a/locations/us-central1/clusters/argus-gke/nodePools/argus-primary",
            "initial_node_count": 0,
            "instance_group_urls": [
              "https://www.googleapis.com/compute/v1/projects/project-30b3b95e-ed2b-4573-98a/zones/us-central1-b/instanceGroupManagers/gke-argus-gke-argus-primary-b6ba9828-grp",
              "https://www.googleapis.com/compute/v1/projects/project-30b3b95e-ed2b-4573-98a/zones/us-central1-c/instanceGroupManagers/gke-argus-gke-argus-primary-eb5dede9-grp",
              "https://www.googleapis.com/compute/v1/projects/project-30b3b95e-ed2b-4573-98a/zones/us-central1-f/instanceGroupManagers/gke-argus-gke-argus-primary-c7d856fc-grp"
            ],
            "location": "us-central1",
            "managed_instance_group_urls": [
              "https://www.googleapis.com/compute/beta/projects/project-30b3b95e-ed2b-4573-98a/zones/us-central1-b/instanceGroups/gke-argus-gke-argus-primary-b6ba9828-grp",
              "https://www.googleapis.com/compute/beta/projects/project-30b3b95e-ed2b-4573-98a/zones/us-central1-c/instanceGroups/gke-argus-gke-argus-primary-eb5dede9-grp",
              "https://www.googleapis.com/compute/beta/projects/project-30b3b95e-ed2b-4573-98a/zones/us-central1-f/instanceGroups/gke-argus-gke-argus-primary-c7d856fc-grp"
            ],
            "management": [
              {
                "auto_repair": true,
                "auto_upgrade": true
              }
            ],
            "max_pods_per_node": 110,
            "name": "argus-primary",
            "name_prefix": "",
            "network_config": [
              {
                "additional_node_network_configs": [],
                "additional_pod_network_configs": [],
                "create_pod_range": false,
                "enable_private_nodes": false,
                "network_performance_config": [],
                "pod_cidr_overprovision_config": [],
                "pod_ipv4_cidr_block": "10.96.0.0/14",
                "pod_range": "gke-argus-gke-pods-d13afc19",
                "subnetwork": "projects/project-30b3b95e-ed2b-4573-98a/regions/us-central1/subnetworks/default"
              }
            ],
            "node_config": [
              {
                "advanced_machine_features": [],
                "boot_disk": [
                  {
                    "disk_type": "pd-standard",
                    "provisioned_iops": 0,
                    "provisioned_throughput": 0,
                    "size_gb": 30
                  }
                ],
                "boot_disk_kms_key": "",
                "confidential_nodes": [],
                "containerd_config": [],
                "disk_size_gb": 30,
                "disk_type": "pd-standard",
                "effective_taints": [],
                "enable_confidential_storage": false,
                "ephemeral_storage_config": [],
                "ephemeral_storage_local_ssd_config": [],
                "fast_socket": [],
                "flex_start": false,
                "gcfs_config": [],
                "guest_accelerator": [],
                "gvnic": [],
                "host_maintenance_policy": [],
                "image_type": "COS_CONTAINERD",
                "kubelet_config": [
                  {
                    "allowed_unsafe_sysctls": [],
                    "container_log_max_files": 0,
                    "container_log_max_size": "",
                    "cpu_cfs_quota": false,
                    "cpu_cfs_quota_period": "",
                    "cpu_manager_policy": "",
                    "eviction_max_pod_grace_period_seconds": 0,
                    "eviction_minimum_reclaim": [],
                    "eviction_soft": [],
                    "eviction_soft_grace_period": [],
                    "image_gc_high_threshold_percent": 0,
                    "image_gc_low_threshold_percent": 0,
                    "image_maximum_gc_age": "",
                    "image_minimum_gc_age": "",
                    "insecure_kubelet_readonly_port_enabled": "FALSE",
                    "max_parallel_image_pulls": 2,
                    "pod_pids_limit": 0,
                    "single_process_oom_kill": false
                  }
                ],
                "labels": {
                  "app": "argus",
                  "managedBy": "terraform"
                },
                "linux_node_config": [],
                "local_nvme_ssd_block_config": [],
                "local_ssd_count": 0,
                "local_ssd_encryption_mode": "",
                "logging_variant": "DEFAULT",
                "machine_type": "e2-standard-4",
                "max_run_duration": "",
                "metadata": {
                  "disable-legacy-endpoints": "true"
                },
                "min_cpu_platform": "",
                "node_group": "",
                "oauth_scopes": [
                  "https://www.googleapis.com/auth/cloud-platform"
                ],
                "preemptible": false,
                "reservation_affinity": [],
                "resource_labels": {
                  "goog-gke-node-pool-provisioning-model": "on-demand"
                },
                "resource_manager_tags": null,
                "sandbox_config": [],
                "secondary_boot_disks": [],
                "service_account": "argus-gke-nodes@project-30b3b95e-ed2b-4573-98a.iam.gserviceaccount.com",
                "shielded_instance_config": [
                  {
                    "enable_integrity_monitoring": true,
                    "enable_secure_boot": false
                  }
                ],
                "sole_tenant_config": [],
                "spot": false,
                "storage_pools": null,
                "tags": null,
                "taint": [],
                "windows_node_config": [
                  {
                    "osversion": ""
                  }
                ],
                "workload_metadata_config": [
                  {
                    "mode": "GKE_METADATA"
                  }
                ]
              }
            ],
            "node_count": 0,
            "node_locations": [
              "us-central1-b",
              "us-central1-c",
              "us-central1-f"
            ],
            "operation": null,
            "placement_policy": [],
            "project": "project-30b3b95e-ed2b-4573-98a",
            "queued_provisioning": [],
            "timeouts": null,
            "upgrade_settings": [
              {
                "blue_green_settings": [],
                "max_surge": 1,
                "max_unavailable": 0,
                "strategy": "SURGE"
              }
            ],
            "version": "1.35.3-gke.1389000"
          },
          "sensitive_attributes": [],
          "identity_schema_version": 0,
          "private": "eyJlMmJmYjczMC1lY2FhLTExZTYtOGY4OC0zNDM2M2JjN2M0YzAiOnsiY3JlYXRlIjoxODAwMDAwMDAwMDAwLCJkZWxldGUiOjE4MDAwMDAwMDAwMDAsInVwZGF0ZSI6MTgwMDAwMDAwMDAwMH0sInNjaGVtYV92ZXJzaW9uIjoiMSJ9",
          "dependencies": [
            "google_container_cluster.argus",
            "google_project_service.container",
            "google_service_account.gke_nodes"
          ]
        }
      ]
    },
    {
      "mode": "managed",
      "type": "google_project_iam_member",
      "name": "nodes_artifact_reader",
      "provider": "provider[\"registry.terraform.io/hashicorp/google\"]",
      "instances": [
        {
          "schema_version": 0,
          "attributes": {
            "condition": [],
            "etag": "BwZSvLfHMoA=",
            "id": "project-30b3b95e-ed2b-4573-98a/roles/artifactregistry.reader/serviceAccount:argus-gke-nodes@project-30b3b95e-ed2b-4573-98a.iam.gserviceaccount.com",
            "member": "serviceAccount:argus-gke-nodes@project-30b3b95e-ed2b-4573-98a.iam.gserviceaccount.com",
            "project": "project-30b3b95e-ed2b-4573-98a",
            "role": "roles/artifactregistry.reader"
          },
          "sensitive_attributes": [],
          "identity_schema_version": 0,
          "private": "bnVsbA==",
          "dependencies": [
            "google_service_account.gke_nodes"
          ]
        }
      ]
    },
    {
      "mode": "managed",
      "type": "google_project_service",
      "name": "artifact_registry",
      "provider": "provider[\"registry.terraform.io/hashicorp/google\"]",
      "instances": [
        {
          "schema_version": 0,
          "attributes": {
            "disable_dependent_services": null,
            "disable_on_destroy": false,
            "id": "project-30b3b95e-ed2b-4573-98a/artifactregistry.googleapis.com",
            "project": "project-30b3b95e-ed2b-4573-98a",
            "service": "artifactregistry.googleapis.com",
            "timeouts": null
          },
          "sensitive_attributes": [],
          "identity_schema_version": 0,
          "private": "eyJlMmJmYjczMC1lY2FhLTExZTYtOGY4OC0zNDM2M2JjN2M0YzAiOnsiY3JlYXRlIjoxMjAwMDAwMDAwMDAwLCJkZWxldGUiOjEyMDAwMDAwMDAwMDAsInJlYWQiOjYwMDAwMDAwMDAwMCwidXBkYXRlIjoxMjAwMDAwMDAwMDAwfX0="
        }
      ]
    },
    {
      "mode": "managed",
      "type": "google_project_service",
      "name": "container",
      "provider": "provider[\"registry.terraform.io/hashicorp/google\"]",
      "instances": [
        {
          "schema_version": 0,
          "attributes": {
            "disable_dependent_services": null,
            "disable_on_destroy": false,
            "id": "project-30b3b95e-ed2b-4573-98a/container.googleapis.com",
            "project": "project-30b3b95e-ed2b-4573-98a",
            "service": "container.googleapis.com",
            "timeouts": null
          },
          "sensitive_attributes": [],
          "identity_schema_version": 0,
          "private": "eyJlMmJmYjczMC1lY2FhLTExZTYtOGY4OC0zNDM2M2JjN2M0YzAiOnsiY3JlYXRlIjoxMjAwMDAwMDAwMDAwLCJkZWxldGUiOjEyMDAwMDAwMDAwMDAsInJlYWQiOjYwMDAwMDAwMDAwMCwidXBkYXRlIjoxMjAwMDAwMDAwMDAwfX0="
        }
      ]
    },
    {
      "mode": "managed",
      "type": "google_service_account",
      "name": "gke_nodes",
      "provider": "provider[\"registry.terraform.io/hashicorp/google\"]",
      "instances": [
        {
          "schema_version": 0,
          "attributes": {
            "account_id": "argus-gke-nodes",
            "create_ignore_already_exists": null,
            "description": "",
            "disabled": false,
            "display_name": "Argus GKE node pool",
            "email": "argus-gke-nodes@project-30b3b95e-ed2b-4573-98a.iam.gserviceaccount.com",
            "id": "projects/project-30b3b95e-ed2b-4573-98a/serviceAccounts/argus-gke-nodes@project-30b3b95e-ed2b-4573-98a.iam.gserviceaccount.com",
            "member": "serviceAccount:argus-gke-nodes@project-30b3b95e-ed2b-4573-98a.iam.gserviceaccount.com",
            "name": "projects/project-30b3b95e-ed2b-4573-98a/serviceAccounts/argus-gke-nodes@project-30b3b95e-ed2b-4573-98a.iam.gserviceaccount.com",
            "project": "project-30b3b95e-ed2b-4573-98a",
            "timeouts": null,
            "unique_id": "109022522888863835440"
          },
          "sensitive_attributes": [],
          "identity_schema_version": 0,
          "private": "eyJlMmJmYjczMC1lY2FhLTExZTYtOGY4OC0zNDM2M2JjN2M0YzAiOnsiY3JlYXRlIjozMDAwMDAwMDAwMDB9fQ=="
        }
      ]
    },
    {
      "mode": "managed",
      "type": "helm_release",
      "name": "keda",
      "provider": "provider[\"registry.terraform.io/hashicorp/helm\"]",
      "instances": [
        {
          "index_key": 0,
          "schema_version": 1,
          "attributes": {
            "atomic": false,
            "chart": "keda",
            "cleanup_on_fail": false,
            "create_namespace": true,
            "dependency_update": false,
            "description": null,
            "devel": null,
            "disable_crd_hooks": false,
            "disable_openapi_validation": false,
            "disable_webhooks": false,
            "force_update": false,
            "id": "keda",
            "keyring": null,
            "lint": false,
            "manifest": null,
            "max_history": 0,
            "metadata": [
              {
                "app_version": "2.19.0",
                "chart": "keda",
                "first_deployed": 1779821567,
                "last_deployed": 1779821567,
                "name": "keda",
                "namespace": "keda",
                "notes": "\n:::^.     .::::^:     :::::::::::::::    .:::::::::.                   .^.                  \n7???~   .^7????~.     7??????????????.   :?????????77!^.              .7?7.                 \n7???~  ^7???7~.       ~!!!!!!!!!!!!!!.   :????!!!!7????7~.           .7???7.                \n7???~^7????~.                            :????:    :~7???7.         :7?????7.               \n7???7????!.           ::::::::::::.      :????:      .7???!        :7??77???7.              \n7????????7:           7???????????~      :????:       :????:      :???7?5????7.             \n7????!~????^          !77777777777^      :????:       :????:     ^???7?#P7????7.            \n7???~  ^????~                            :????:      :7???!     ^???7J#@J7?????7.           \n7???~   :7???!.                          :????:   .:~7???!.    ~???7Y&@#7777????7.          \n7???~    .7???7:      !!!!!!!!!!!!!!!    :????7!!77????7^     ~??775@@@GJJYJ?????7.         \n7???~     .!????^     7?????????????7.   :?????????7!~:      !????G@@@@@@@@5??????7:        \n::::.       :::::     :::::::::::::::    .::::::::..        .::::JGGGB@@@&7:::::::::        \n                                                                      ?@@#~                  \n                                                                      P@B^                   \n                                                                    :&G:                    \n                                                                    !5.                     \n                                                                    .Kubernetes Event-driven Autoscaling (KEDA) - Application autoscaling made simple.\n\nGet started by deploying Scaled Objects to your cluster:\n    - Information about Scaled Objects : https://keda.sh/docs/latest/concepts/\n    - Samples: https://github.com/kedacore/samples\n\nGet information about the deployed ScaledObjects:\n  kubectl get scaledobject [--namespace <namespace>]\n\nGet details about a deployed ScaledObject:\n  kubectl describe scaledobject <scaled-object-name> [--namespace <namespace>]\n\nGet information about the deployed TriggerAuthentications:\n  kubectl get triggerauthentication [--namespace <namespace>]\n\nGet details about a deployed TriggerAuthentication:\n  kubectl describe triggerauthentication <trigger-authentication-name> [--namespace <namespace>]\n\nGet an overview of the Horizontal Pod Autoscalers (HPA) that KEDA is using behind the scenes:\n  kubectl get hpa [--all-namespaces] [--namespace <namespace>]\n\nLearn more about KEDA:\n- Documentation: https://keda.sh/\n- Support: https://keda.sh/support/\n- File an issue: https://github.com/kedacore/keda/issues/new/choose\n",
                "revision": 1,
                "values": "{}",
                "version": "2.19.0"
              }
            ],
            "name": "keda",
            "namespace": "keda",
            "pass_credentials": false,
            "postrender": [],
            "recreate_pods": false,
            "render_subchart_notes": true,
            "replace": false,
            "repository": "https://kedacore.github.io/charts",
            "repository_ca_file": null,
            "repository_cert_file": null,
            "repository_key_file": null,
            "repository_password": null,
            "repository_username": null,
            "reset_values": false,
            "reuse_values": false,
            "set": [],
            "set_list": [],
            "set_sensitive": [],
            "skip_crds": false,
            "status": "deployed",
            "timeout": 300,
            "upgrade_install": null,
            "values": null,
            "verify": false,
            "version": "2.19.0",
            "wait": true,
            "wait_for_jobs": false
          },
          "sensitive_attributes": [
            [
              {
                "type": "get_attr",
                "value": "repository_password"
              }
            ]
          ],
          "identity_schema_version": 0,
          "private": "eyJzY2hlbWFfdmVyc2lvbiI6IjEifQ==",
          "dependencies": [
            "data.google_client_config.default",
            "google_container_cluster.argus",
            "google_container_node_pool.primary",
            "google_project_service.container",
            "google_service_account.gke_nodes"
          ]
        }
      ]
    },
    {
      "mode": "managed",
      "type": "kubernetes_namespace",
      "name": "argus",
      "provider": "provider[\"registry.terraform.io/hashicorp/kubernetes\"]",
      "instances": [
        {
          "schema_version": 0,
          "attributes": {
            "id": "argus",
            "metadata": [
              {
                "annotations": null,
                "generate_name": "",
                "generation": 0,
                "labels": {
                  "app": "argus",
                  "managedBy": "terraform"
                },
                "name": "argus",
                "resource_version": "1779821567429455002",
                "uid": "3470201b-7049-4a69-98cf-9f0693c1fbba"
              }
            ],
            "timeouts": null,
            "wait_for_default_service_account": false
          },
          "sensitive_attributes": [],
          "identity_schema_version": 1,
          "identity": {
            "api_version": "v1",
            "kind": "Namespace",
            "name": "argus"
          },
          "private": "eyJlMmJmYjczMC1lY2FhLTExZTYtOGY4OC0zNDM2M2JjN2M0YzAiOnsiZGVsZXRlIjozMDAwMDAwMDAwMDB9fQ==",
          "dependencies": [
            "data.google_client_config.default",
            "google_container_cluster.argus",
            "google_container_node_pool.primary",
            "google_project_service.container",
            "google_service_account.gke_nodes"
          ]
        }
      ]
    }
  ],
  "check_results": null
}